// !$*UTF8*$!
{
	archiveVersion = 1;
	classes = {
	};
	objectVersion = 51;
	objects = {

/* Begin PBXBuildFile section */
		0325E30D3376FB9F71ED1E84 /* Pods_AmazonSNS_testTests.framework in Frameworks */ = {isa = PBXBuildFile; fileRef = 8BE0292249DE46CAB5FE06C9 /* Pods_AmazonSNS_testTests.framework */; };
		279C9E5F7DC77BCAC3AC5CFD /* Pods_AmazonSNS_test_AmazonSNS_testUITests.framework in Frameworks */ = {isa = PBXBuildFile; fileRef = 0EAE14A0D17D322551881054 /* Pods_AmazonSNS_test_AmazonSNS_testUITests.framework */; };
		72AEF80009735CE2B4ED7D9E /* Pods_AmazonSNS_test.framework in Frameworks */ = {isa = PBXBuildFile; fileRef = 238899D24E8EF3FD240BAAC6 /* Pods_AmazonSNS_test.framework */; };
		DC23C9D92442D217000F8F42 /* WorkViewController.swift in Sources */ = {isa = PBXBuildFile; fileRef = DC23C9D82442D217000F8F42 /* WorkViewController.swift */; };
		DC23C9DB2442D222000F8F42 /* AlliesViewController.swift in Sources */ = {isa = PBXBuildFile; fileRef = DC23C9DA2442D222000F8F42 /* AlliesViewController.swift */; };
		DC23C9DF2442D239000F8F42 /* ServicesViewController.swift in Sources */ = {isa = PBXBuildFile; fileRef = DC23C9DE2442D239000F8F42 /* ServicesViewController.swift */; };
		DC23C9E32442D24E000F8F42 /* AdvantagesViewController.swift in Sources */ = {isa = PBXBuildFile; fileRef = DC23C9E22442D24E000F8F42 /* AdvantagesViewController.swift */; };
		DC2442FA2442D9BB00738C9E /* Widget1.xib in Resources */ = {isa = PBXBuildFile; fileRef = DC2442F92442D9BB00738C9E /* Widget1.xib */; };
		DC2442FE2442D9D900738C9E /* Widget1.swift in Sources */ = {isa = PBXBuildFile; fileRef = DC2442FD2442D9D900738C9E /* Widget1.swift */; };
		DC2443002442D9E100738C9E /* Widget2.xib in Resources */ = {isa = PBXBuildFile; fileRef = DC2442FF2442D9E100738C9E /* Widget2.xib */; };
		DC2443022442D9EB00738C9E /* Widget2.swift in Sources */ = {isa = PBXBuildFile; fileRef = DC2443012442D9EB00738C9E /* Widget2.swift */; };
		DC2443042442D9F300738C9E /* Widget3.xib in Resources */ = {isa = PBXBuildFile; fileRef = DC2443032442D9F300738C9E /* Widget3.xib */; };
		DC2443062442D9FD00738C9E /* Widget3.swift in Sources */ = {isa = PBXBuildFile; fileRef = DC2443052442D9FD00738C9E /* Widget3.swift */; };
		DC2443082442DA0500738C9E /* Widget4.xib in Resources */ = {isa = PBXBuildFile; fileRef = DC2443072442DA0500738C9E /* Widget4.xib */; };
		DC24430A2442DA1300738C9E /* Widget4.swift in Sources */ = {isa = PBXBuildFile; fileRef = DC2443092442DA1300738C9E /* Widget4.swift */; };
		DC24430C2442DA1F00738C9E /* Widget5.xib in Resources */ = {isa = PBXBuildFile; fileRef = DC24430B2442DA1F00738C9E /* Widget5.xib */; };
		DC24430E2442DA2900738C9E /* Widget5.swift in Sources */ = {isa = PBXBuildFile; fileRef = DC24430D2442DA2900738C9E /* Widget5.swift */; };
		DC2443102442DA3400738C9E /* Widget6.xib in Resources */ = {isa = PBXBuildFile; fileRef = DC24430F2442DA3400738C9E /* Widget6.xib */; };
		DC2443122442DA4200738C9E /* Widget6.swift in Sources */ = {isa = PBXBuildFile; fileRef = DC2443112442DA4200738C9E /* Widget6.swift */; };
		DC2443152442F7CD00738C9E /* Appliance.xib in Resources */ = {isa = PBXBuildFile; fileRef = DC2443142442F7CD00738C9E /* Appliance.xib */; };
		DC2443172442F7F600738C9E /* Appliance.swift in Sources */ = {isa = PBXBuildFile; fileRef = DC2443162442F7F600738C9E /* Appliance.swift */; };
		DC24431A2442F91B00738C9E /* AppliancesViewController.swift in Sources */ = {isa = PBXBuildFile; fileRef = DC2443192442F91B00738C9E /* AppliancesViewController.swift */; };
		DC24431D2442FBD300738C9E /* JobDetailsViewController.swift in Sources */ = {isa = PBXBuildFile; fileRef = DC24431C2442FBD300738C9E /* JobDetailsViewController.swift */; };
		DC24431F2442FF9D00738C9E /* JobDetailTableViewCell.swift in Sources */ = {isa = PBXBuildFile; fileRef = DC24431E2442FF9D00738C9E /* JobDetailTableViewCell.swift */; };
		DC244322244303F200738C9E /* Service.xib in Resources */ = {isa = PBXBuildFile; fileRef = DC244321244303F200738C9E /* Service.xib */; };
		DC2443242443040300738C9E /* Service.swift in Sources */ = {isa = PBXBuildFile; fileRef = DC2443232443040300738C9E /* Service.swift */; };
		DC2443272443CF3300738C9E /* GradientView.swift in Sources */ = {isa = PBXBuildFile; fileRef = DC2443262443CF3300738C9E /* GradientView.swift */; };
		DC24432A2443D2E700738C9E /* ServiceDetailViewController.swift in Sources */ = {isa = PBXBuildFile; fileRef = DC2443292443D2E700738C9E /* ServiceDetailViewController.swift */; };
		DC90951D2444B0790054CE48 /* WorkSB.storyboard in Resources */ = {isa = PBXBuildFile; fileRef = DC90951C2444B0790054CE48 /* WorkSB.storyboard */; };
		DC90951F2444B3070054CE48 /* ServicesSB.storyboard in Resources */ = {isa = PBXBuildFile; fileRef = DC90951E2444B3070054CE48 /* ServicesSB.storyboard */; };
		DC9095212444BABC0054CE48 /* AdvantagesSB.storyboard in Resources */ = {isa = PBXBuildFile; fileRef = DC9095202444BABC0054CE48 /* AdvantagesSB.storyboard */; };
		DC9095252444BB4E0054CE48 /* AlliesSB.storyboard in Resources */ = {isa = PBXBuildFile; fileRef = DC9095242444BB4E0054CE48 /* AlliesSB.storyboard */; };
		DC9095282444BD700054CE48 /* ModalsSB.storyboard in Resources */ = {isa = PBXBuildFile; fileRef = DC9095272444BD700054CE48 /* ModalsSB.storyboard */; };
		DCAB993424378F6B00346785 /* AppDelegate.swift in Sources */ = {isa = PBXBuildFile; fileRef = DCAB993324378F6B00346785 /* AppDelegate.swift */; };
		DCAB993624378F6B00346785 /* SceneDelegate.swift in Sources */ = {isa = PBXBuildFile; fileRef = DCAB993524378F6B00346785 /* SceneDelegate.swift */; };
		DCAB993824378F6B00346785 /* LoginViewController.swift in Sources */ = {isa = PBXBuildFile; fileRef = DCAB993724378F6B00346785 /* LoginViewController.swift */; };
		DCAB993B24378F6B00346785 /* Main.storyboard in Resources */ = {isa = PBXBuildFile; fileRef = DCAB993924378F6B00346785 /* Main.storyboard */; };
		DCAB993D24378F6E00346785 /* Assets.xcassets in Resources */ = {isa = PBXBuildFile; fileRef = DCAB993C24378F6E00346785 /* Assets.xcassets */; };
		DCAB994024378F6E00346785 /* LaunchScreen.storyboard in Resources */ = {isa = PBXBuildFile; fileRef = DCAB993E24378F6E00346785 /* LaunchScreen.storyboard */; };
		DCAB994B24378F6E00346785 /* AmazonSNS_testTests.swift in Sources */ = {isa = PBXBuildFile; fileRef = DCAB994A24378F6E00346785 /* AmazonSNS_testTests.swift */; };
		DCAB995624378F6E00346785 /* AmazonSNS_testUITests.swift in Sources */ = {isa = PBXBuildFile; fileRef = DCAB995524378F6E00346785 /* AmazonSNS_testUITests.swift */; };
		DCAB997524379D8000346785 /* AWSCognito.framework in Frameworks */ = {isa = PBXBuildFile; fileRef = DCAB996F24379D3800346785 /* AWSCognito.framework */; };
		DCAB997624379D8000346785 /* AWSCognito.framework in Embed Frameworks */ = {isa = PBXBuildFile; fileRef = DCAB996F24379D3800346785 /* AWSCognito.framework */; settings = {ATTRIBUTES = (CodeSignOnCopy, RemoveHeadersOnCopy, ); }; };
		DCAB997824379D8400346785 /* AWSCore.framework in Frameworks */ = {isa = PBXBuildFile; fileRef = DCAB997124379D4100346785 /* AWSCore.framework */; };
		DCAB997924379D8400346785 /* AWSCore.framework in Embed Frameworks */ = {isa = PBXBuildFile; fileRef = DCAB997124379D4100346785 /* AWSCore.framework */; settings = {ATTRIBUTES = (CodeSignOnCopy, RemoveHeadersOnCopy, ); }; };
		DCAB997A24379D8600346785 /* AWSSNS.framework in Frameworks */ = {isa = PBXBuildFile; fileRef = DCAB997324379D5A00346785 /* AWSSNS.framework */; };
		DCAB997B24379D8600346785 /* AWSSNS.framework in Embed Frameworks */ = {isa = PBXBuildFile; fileRef = DCAB997324379D5A00346785 /* AWSSNS.framework */; settings = {ATTRIBUTES = (CodeSignOnCopy, RemoveHeadersOnCopy, ); }; };
		DCD9C9AD244556470008BE8F /* QRViewController.swift in Sources */ = {isa = PBXBuildFile; fileRef = DCD9C9AC244556470008BE8F /* QRViewController.swift */; };
		DCD9C9B02445721F0008BE8F /* ScannerViewController.swift in Sources */ = {isa = PBXBuildFile; fileRef = DCD9C9AF2445721F0008BE8F /* ScannerViewController.swift */; };
		DCD9C9B2244572340008BE8F /* ScannerSB.storyboard in Resources */ = {isa = PBXBuildFile; fileRef = DCD9C9B1244572340008BE8F /* ScannerSB.storyboard */; };
		DCD9C9B5244574630008BE8F /* SubscriptionViewController.swift in Sources */ = {isa = PBXBuildFile; fileRef = DCD9C9B4244574630008BE8F /* SubscriptionViewController.swift */; };
		DCD9C9B92446A1650008BE8F /* serverSNSInfo.swift in Sources */ = {isa = PBXBuildFile; fileRef = DCD9C9B82446A1650008BE8F /* serverSNSInfo.swift */; };
		DCD9C9BC2446C2A60008BE8F /* Localizable.strings in Resources */ = {isa = PBXBuildFile; fileRef = DCD9C9BE2446C2A60008BE8F /* Localizable.strings */; };
		DCD9C9C12446D6BA0008BE8F /* AlliesBussinessViewController.swift in Sources */ = {isa = PBXBuildFile; fileRef = DCD9C9C02446D6BA0008BE8F /* AlliesBussinessViewController.swift */; };
		DCD9C9C424477C680008BE8F /* Contractors.swift in Sources */ = {isa = PBXBuildFile; fileRef = DCD9C9C324477C680008BE8F /* Contractors.swift */; };
		DCD9C9CA244793D20008BE8F /* RequestServiceViewController.swift in Sources */ = {isa = PBXBuildFile; fileRef = DCD9C9C9244793D20008BE8F /* RequestServiceViewController.swift */; };
		DCDF9F8C243ED9F40028EB7F /* Home.storyboard in Resources */ = {isa = PBXBuildFile; fileRef = DCDF9F8B243ED9F40028EB7F /* Home.storyboard */; };
		DCDF9F8E243EDA130028EB7F /* HomeViewController.swift in Sources */ = {isa = PBXBuildFile; fileRef = DCDF9F8D243EDA130028EB7F /* HomeViewController.swift */; };
/* End PBXBuildFile section */

/* Begin PBXContainerItemProxy section */
		DCAB994724378F6E00346785 /* PBXContainerItemProxy */ = {
			isa = PBXContainerItemProxy;
			containerPortal = DCAB992824378F6B00346785 /* Project object */;
			proxyType = 1;
			remoteGlobalIDString = DCAB992F24378F6B00346785;
			remoteInfo = "AmazonSNS-test";
		};
		DCAB995224378F6E00346785 /* PBXContainerItemProxy */ = {
			isa = PBXContainerItemProxy;
			containerPortal = DCAB992824378F6B00346785 /* Project object */;
			proxyType = 1;
			remoteGlobalIDString = DCAB992F24378F6B00346785;
			remoteInfo = "AmazonSNS-test";
		};
/* End PBXContainerItemProxy section */

/* Begin PBXCopyFilesBuildPhase section */
		DCAB997724379D8000346785 /* Embed Frameworks */ = {
			isa = PBXCopyFilesBuildPhase;
			buildActionMask = 2147483647;
			dstPath = "";
			dstSubfolderSpec = 10;
			files = (
				DCAB997624379D8000346785 /* AWSCognito.framework in Embed Frameworks */,
				DCAB997B24379D8600346785 /* AWSSNS.framework in Embed Frameworks */,
				DCAB997924379D8400346785 /* AWSCore.framework in Embed Frameworks */,
			);
			name = "Embed Frameworks";
			runOnlyForDeploymentPostprocessing = 0;
		};
/* End PBXCopyFilesBuildPhase section */

/* Begin PBXFileReference section */
		0EAE14A0D17D322551881054 /* Pods_AmazonSNS_test_AmazonSNS_testUITests.framework */ = {isa = PBXFileReference; explicitFileType = wrapper.framework; includeInIndex = 0; path = Pods_AmazonSNS_test_AmazonSNS_testUITests.framework; sourceTree = BUILT_PRODUCTS_DIR; };
		238899D24E8EF3FD240BAAC6 /* Pods_AmazonSNS_test.framework */ = {isa = PBXFileReference; explicitFileType = wrapper.framework; includeInIndex = 0; path = Pods_AmazonSNS_test.framework; sourceTree = BUILT_PRODUCTS_DIR; };
		44B2D361B83B92039081B50E /* Pods-AmazonSNS-test.release.xcconfig */ = {isa = PBXFileReference; includeInIndex = 1; lastKnownFileType = text.xcconfig; name = "Pods-AmazonSNS-test.release.xcconfig"; path = "Target Support Files/Pods-AmazonSNS-test/Pods-AmazonSNS-test.release.xcconfig"; sourceTree = "<group>"; };
		53181F63F0998E10B272CD5E /* Pods-AmazonSNS-test.debug.xcconfig */ = {isa = PBXFileReference; includeInIndex = 1; lastKnownFileType = text.xcconfig; name = "Pods-AmazonSNS-test.debug.xcconfig"; path = "Target Support Files/Pods-AmazonSNS-test/Pods-AmazonSNS-test.debug.xcconfig"; sourceTree = "<group>"; };
		8711A7031EEC1B9317669A04 /* Pods-AmazonSNS-testTests.debug.xcconfig */ = {isa = PBXFileReference; includeInIndex = 1; lastKnownFileType = text.xcconfig; name = "Pods-AmazonSNS-testTests.debug.xcconfig"; path = "Target Support Files/Pods-AmazonSNS-testTests/Pods-AmazonSNS-testTests.debug.xcconfig"; sourceTree = "<group>"; };
		8BE0292249DE46CAB5FE06C9 /* Pods_AmazonSNS_testTests.framework */ = {isa = PBXFileReference; explicitFileType = wrapper.framework; includeInIndex = 0; path = Pods_AmazonSNS_testTests.framework; sourceTree = BUILT_PRODUCTS_DIR; };
		A03EB5D117A093A1298F5F72 /* Pods-AmazonSNS-testTests.release.xcconfig */ = {isa = PBXFileReference; includeInIndex = 1; lastKnownFileType = text.xcconfig; name = "Pods-AmazonSNS-testTests.release.xcconfig"; path = "Target Support Files/Pods-AmazonSNS-testTests/Pods-AmazonSNS-testTests.release.xcconfig"; sourceTree = "<group>"; };
		B9F3ABE51B2993412AA0D5E3 /* Pods-AmazonSNS-test-AmazonSNS-testUITests.debug.xcconfig */ = {isa = PBXFileReference; includeInIndex = 1; lastKnownFileType = text.xcconfig; name = "Pods-AmazonSNS-test-AmazonSNS-testUITests.debug.xcconfig"; path = "Target Support Files/Pods-AmazonSNS-test-AmazonSNS-testUITests/Pods-AmazonSNS-test-AmazonSNS-testUITests.debug.xcconfig"; sourceTree = "<group>"; };
		D2C49EC34238EEC7594B0697 /* Pods-AmazonSNS-test-AmazonSNS-testUITests.release.xcconfig */ = {isa = PBXFileReference; includeInIndex = 1; lastKnownFileType = text.xcconfig; name = "Pods-AmazonSNS-test-AmazonSNS-testUITests.release.xcconfig"; path = "Target Support Files/Pods-AmazonSNS-test-AmazonSNS-testUITests/Pods-AmazonSNS-test-AmazonSNS-testUITests.release.xcconfig"; sourceTree = "<group>"; };
		DC23C9D82442D217000F8F42 /* WorkViewController.swift */ = {isa = PBXFileReference; lastKnownFileType = sourcecode.swift; path = WorkViewController.swift; sourceTree = "<group>"; };
		DC23C9DA2442D222000F8F42 /* AlliesViewController.swift */ = {isa = PBXFileReference; lastKnownFileType = sourcecode.swift; path = AlliesViewController.swift; sourceTree = "<group>"; };
		DC23C9DE2442D239000F8F42 /* ServicesViewController.swift */ = {isa = PBXFileReference; lastKnownFileType = sourcecode.swift; path = ServicesViewController.swift; sourceTree = "<group>"; };
		DC23C9E22442D24E000F8F42 /* AdvantagesViewController.swift */ = {isa = PBXFileReference; lastKnownFileType = sourcecode.swift; path = AdvantagesViewController.swift; sourceTree = "<group>"; };
		DC2442F92442D9BB00738C9E /* Widget1.xib */ = {isa = PBXFileReference; lastKnownFileType = file.xib; path = Widget1.xib; sourceTree = "<group>"; };
		DC2442FD2442D9D900738C9E /* Widget1.swift */ = {isa = PBXFileReference; lastKnownFileType = sourcecode.swift; path = Widget1.swift; sourceTree = "<group>"; };
		DC2442FF2442D9E100738C9E /* Widget2.xib */ = {isa = PBXFileReference; lastKnownFileType = file.xib; path = Widget2.xib; sourceTree = "<group>"; };
		DC2443012442D9EB00738C9E /* Widget2.swift */ = {isa = PBXFileReference; lastKnownFileType = sourcecode.swift; path = Widget2.swift; sourceTree = "<group>"; };
		DC2443032442D9F300738C9E /* Widget3.xib */ = {isa = PBXFileReference; lastKnownFileType = file.xib; path = Widget3.xib; sourceTree = "<group>"; };
		DC2443052442D9FD00738C9E /* Widget3.swift */ = {isa = PBXFileReference; lastKnownFileType = sourcecode.swift; path = Widget3.swift; sourceTree = "<group>"; };
		DC2443072442DA0500738C9E /* Widget4.xib */ = {isa = PBXFileReference; lastKnownFileType = file.xib; path = Widget4.xib; sourceTree = "<group>"; };
		DC2443092442DA1300738C9E /* Widget4.swift */ = {isa = PBXFileReference; lastKnownFileType = sourcecode.swift; path = Widget4.swift; sourceTree = "<group>"; };
		DC24430B2442DA1F00738C9E /* Widget5.xib */ = {isa = PBXFileReference; lastKnownFileType = file.xib; path = Widget5.xib; sourceTree = "<group>"; };
		DC24430D2442DA2900738C9E /* Widget5.swift */ = {isa = PBXFileReference; lastKnownFileType = sourcecode.swift; path = Widget5.swift; sourceTree = "<group>"; };
		DC24430F2442DA3400738C9E /* Widget6.xib */ = {isa = PBXFileReference; lastKnownFileType = file.xib; path = Widget6.xib; sourceTree = "<group>"; };
		DC2443112442DA4200738C9E /* Widget6.swift */ = {isa = PBXFileReference; lastKnownFileType = sourcecode.swift; path = Widget6.swift; sourceTree = "<group>"; };
		DC2443142442F7CD00738C9E /* Appliance.xib */ = {isa = PBXFileReference; lastKnownFileType = file.xib; path = Appliance.xib; sourceTree = "<group>"; };
		DC2443162442F7F600738C9E /* Appliance.swift */ = {isa = PBXFileReference; lastKnownFileType = sourcecode.swift; path = Appliance.swift; sourceTree = "<group>"; };
		DC2443192442F91B00738C9E /* AppliancesViewController.swift */ = {isa = PBXFileReference; lastKnownFileType = sourcecode.swift; path = AppliancesViewController.swift; sourceTree = "<group>"; };
		DC24431C2442FBD300738C9E /* JobDetailsViewController.swift */ = {isa = PBXFileReference; lastKnownFileType = sourcecode.swift; path = JobDetailsViewController.swift; sourceTree = "<group>"; };
		DC24431E2442FF9D00738C9E /* JobDetailTableViewCell.swift */ = {isa = PBXFileReference; lastKnownFileType = sourcecode.swift; path = JobDetailTableViewCell.swift; sourceTree = "<group>"; };
		DC244321244303F200738C9E /* Service.xib */ = {isa = PBXFileReference; lastKnownFileType = file.xib; path = Service.xib; sourceTree = "<group>"; };
		DC2443232443040300738C9E /* Service.swift */ = {isa = PBXFileReference; lastKnownFileType = sourcecode.swift; path = Service.swift; sourceTree = "<group>"; };
		DC2443262443CF3300738C9E /* GradientView.swift */ = {isa = PBXFileReference; lastKnownFileType = sourcecode.swift; path = GradientView.swift; sourceTree = "<group>"; };
		DC2443292443D2E700738C9E /* ServiceDetailViewController.swift */ = {isa = PBXFileReference; lastKnownFileType = sourcecode.swift; path = ServiceDetailViewController.swift; sourceTree = "<group>"; };
		DC90951C2444B0790054CE48 /* WorkSB.storyboard */ = {isa = PBXFileReference; lastKnownFileType = file.storyboard; path = WorkSB.storyboard; sourceTree = "<group>"; };
		DC90951E2444B3070054CE48 /* ServicesSB.storyboard */ = {isa = PBXFileReference; lastKnownFileType = file.storyboard; path = ServicesSB.storyboard; sourceTree = "<group>"; };
		DC9095202444BABC0054CE48 /* AdvantagesSB.storyboard */ = {isa = PBXFileReference; lastKnownFileType = file.storyboard; path = AdvantagesSB.storyboard; sourceTree = "<group>"; };
		DC9095242444BB4E0054CE48 /* AlliesSB.storyboard */ = {isa = PBXFileReference; lastKnownFileType = file.storyboard; path = AlliesSB.storyboard; sourceTree = "<group>"; };
		DC9095272444BD700054CE48 /* ModalsSB.storyboard */ = {isa = PBXFileReference; lastKnownFileType = file.storyboard; path = ModalsSB.storyboard; sourceTree = "<group>"; };
		DCAB993024378F6B00346785 /* MxM.app */ = {isa = PBXFileReference; explicitFileType = wrapper.application; includeInIndex = 0; path = MxM.app; sourceTree = BUILT_PRODUCTS_DIR; };
		DCAB993324378F6B00346785 /* AppDelegate.swift */ = {isa = PBXFileReference; lastKnownFileType = sourcecode.swift; path = AppDelegate.swift; sourceTree = "<group>"; };
		DCAB993524378F6B00346785 /* SceneDelegate.swift */ = {isa = PBXFileReference; lastKnownFileType = sourcecode.swift; path = SceneDelegate.swift; sourceTree = "<group>"; };
		DCAB993724378F6B00346785 /* LoginViewController.swift */ = {isa = PBXFileReference; lastKnownFileType = sourcecode.swift; path = LoginViewController.swift; sourceTree = "<group>"; };
		DCAB993A24378F6B00346785 /* Base */ = {isa = PBXFileReference; lastKnownFileType = file.storyboard; name = Base; path = Base.lproj/Main.storyboard; sourceTree = "<group>"; };
		DCAB993C24378F6E00346785 /* Assets.xcassets */ = {isa = PBXFileReference; lastKnownFileType = folder.assetcatalog; path = Assets.xcassets; sourceTree = "<group>"; };
		DCAB993F24378F6E00346785 /* Base */ = {isa = PBXFileReference; lastKnownFileType = file.storyboard; name = Base; path = Base.lproj/LaunchScreen.storyboard; sourceTree = "<group>"; };
		DCAB994124378F6E00346785 /* Info.plist */ = {isa = PBXFileReference; lastKnownFileType = text.plist.xml; path = Info.plist; sourceTree = "<group>"; };
		DCAB994624378F6E00346785 /* AmazonSNS-testTests.xctest */ = {isa = PBXFileReference; explicitFileType = wrapper.cfbundle; includeInIndex = 0; path = "AmazonSNS-testTests.xctest"; sourceTree = BUILT_PRODUCTS_DIR; };
		DCAB994A24378F6E00346785 /* AmazonSNS_testTests.swift */ = {isa = PBXFileReference; lastKnownFileType = sourcecode.swift; path = AmazonSNS_testTests.swift; sourceTree = "<group>"; };
		DCAB994C24378F6E00346785 /* Info.plist */ = {isa = PBXFileReference; lastKnownFileType = text.plist.xml; path = Info.plist; sourceTree = "<group>"; };
		DCAB995124378F6E00346785 /* AmazonSNS-testUITests.xctest */ = {isa = PBXFileReference; explicitFileType = wrapper.cfbundle; includeInIndex = 0; path = "AmazonSNS-testUITests.xctest"; sourceTree = BUILT_PRODUCTS_DIR; };
		DCAB995524378F6E00346785 /* AmazonSNS_testUITests.swift */ = {isa = PBXFileReference; lastKnownFileType = sourcecode.swift; path = AmazonSNS_testUITests.swift; sourceTree = "<group>"; };
		DCAB995724378F6E00346785 /* Info.plist */ = {isa = PBXFileReference; lastKnownFileType = text.plist.xml; path = Info.plist; sourceTree = "<group>"; };
		DCAB996F24379D3800346785 /* AWSCognito.framework */ = {isa = PBXFileReference; lastKnownFileType = wrapper.framework; path = AWSCognito.framework; sourceTree = "<group>"; };
		DCAB997124379D4100346785 /* AWSCore.framework */ = {isa = PBXFileReference; lastKnownFileType = wrapper.framework; path = AWSCore.framework; sourceTree = "<group>"; };
		DCAB997324379D5A00346785 /* AWSSNS.framework */ = {isa = PBXFileReference; lastKnownFileType = wrapper.framework; path = AWSSNS.framework; sourceTree = "<group>"; };
		DCAB997C24379DF700346785 /* AmazonSNS-test-Bridging-Header.h */ = {isa = PBXFileReference; lastKnownFileType = sourcecode.c.h; path = "AmazonSNS-test-Bridging-Header.h"; sourceTree = "<group>"; };
		DCD9C9AC244556470008BE8F /* QRViewController.swift */ = {isa = PBXFileReference; lastKnownFileType = sourcecode.swift; path = QRViewController.swift; sourceTree = "<group>"; };
		DCD9C9AF2445721F0008BE8F /* ScannerViewController.swift */ = {isa = PBXFileReference; lastKnownFileType = sourcecode.swift; path = ScannerViewController.swift; sourceTree = "<group>"; };
		DCD9C9B1244572340008BE8F /* ScannerSB.storyboard */ = {isa = PBXFileReference; lastKnownFileType = file.storyboard; path = ScannerSB.storyboard; sourceTree = "<group>"; };
		DCD9C9B4244574630008BE8F /* SubscriptionViewController.swift */ = {isa = PBXFileReference; lastKnownFileType = sourcecode.swift; path = SubscriptionViewController.swift; sourceTree = "<group>"; };
		DCD9C9B82446A1650008BE8F /* serverSNSInfo.swift */ = {isa = PBXFileReference; lastKnownFileType = sourcecode.swift; path = serverSNSInfo.swift; sourceTree = "<group>"; };
		DCD9C9BD2446C2A60008BE8F /* en */ = {isa = PBXFileReference; lastKnownFileType = text.plist.strings; name = en; path = en.lproj/Localizable.strings; sourceTree = "<group>"; };
		DCD9C9C02446D6BA0008BE8F /* AlliesBussinessViewController.swift */ = {isa = PBXFileReference; lastKnownFileType = sourcecode.swift; path = AlliesBussinessViewController.swift; sourceTree = "<group>"; };
		DCD9C9C324477C680008BE8F /* Contractors.swift */ = {isa = PBXFileReference; lastKnownFileType = sourcecode.swift; path = Contractors.swift; sourceTree = "<group>"; };
		DCD9C9C9244793D20008BE8F /* RequestServiceViewController.swift */ = {isa = PBXFileReference; lastKnownFileType = sourcecode.swift; path = RequestServiceViewController.swift; sourceTree = "<group>"; };
		DCDF9F8B243ED9F40028EB7F /* Home.storyboard */ = {isa = PBXFileReference; lastKnownFileType = file.storyboard; path = Home.storyboard; sourceTree = "<group>"; };
		DCDF9F8D243EDA130028EB7F /* HomeViewController.swift */ = {isa = PBXFileReference; lastKnownFileType = sourcecode.swift; path = HomeViewController.swift; sourceTree = "<group>"; };
		DCFFA3EB243B802F0087FC08 /* AmazonSNS-test.entitlements */ = {isa = PBXFileReference; lastKnownFileType = text.plist.entitlements; path = "AmazonSNS-test.entitlements"; sourceTree = "<group>"; };
/* End PBXFileReference section */

/* Begin PBXFrameworksBuildPhase section */
		DCAB992D24378F6B00346785 /* Frameworks */ = {
			isa = PBXFrameworksBuildPhase;
			buildActionMask = 2147483647;
			files = (
				72AEF80009735CE2B4ED7D9E /* Pods_AmazonSNS_test.framework in Frameworks */,
				DCAB997824379D8400346785 /* AWSCore.framework in Frameworks */,
				DCAB997524379D8000346785 /* AWSCognito.framework in Frameworks */,
				DCAB997A24379D8600346785 /* AWSSNS.framework in Frameworks */,
			);
			runOnlyForDeploymentPostprocessing = 0;
		};
		DCAB994324378F6E00346785 /* Frameworks */ = {
			isa = PBXFrameworksBuildPhase;
			buildActionMask = 2147483647;
			files = (
				0325E30D3376FB9F71ED1E84 /* Pods_AmazonSNS_testTests.framework in Frameworks */,
			);
			runOnlyForDeploymentPostprocessing = 0;
		};
		DCAB994E24378F6E00346785 /* Frameworks */ = {
			isa = PBXFrameworksBuildPhase;
			buildActionMask = 2147483647;
			files = (
				279C9E5F7DC77BCAC3AC5CFD /* Pods_AmazonSNS_test_AmazonSNS_testUITests.framework in Frameworks */,
			);
			runOnlyForDeploymentPostprocessing = 0;
		};
/* End PBXFrameworksBuildPhase section */

/* Begin PBXGroup section */
		2B29AA5C275F3D211C03231F /* Frameworks */ = {
			isa = PBXGroup;
			children = (
				238899D24E8EF3FD240BAAC6 /* Pods_AmazonSNS_test.framework */,
				0EAE14A0D17D322551881054 /* Pods_AmazonSNS_test_AmazonSNS_testUITests.framework */,
				8BE0292249DE46CAB5FE06C9 /* Pods_AmazonSNS_testTests.framework */,
			);
			name = Frameworks;
			sourceTree = "<group>";
		};
		7513077F14084EE06C3F471D /* Pods */ = {
			isa = PBXGroup;
			children = (
				53181F63F0998E10B272CD5E /* Pods-AmazonSNS-test.debug.xcconfig */,
				44B2D361B83B92039081B50E /* Pods-AmazonSNS-test.release.xcconfig */,
				B9F3ABE51B2993412AA0D5E3 /* Pods-AmazonSNS-test-AmazonSNS-testUITests.debug.xcconfig */,
				D2C49EC34238EEC7594B0697 /* Pods-AmazonSNS-test-AmazonSNS-testUITests.release.xcconfig */,
				8711A7031EEC1B9317669A04 /* Pods-AmazonSNS-testTests.debug.xcconfig */,
				A03EB5D117A093A1298F5F72 /* Pods-AmazonSNS-testTests.release.xcconfig */,
			);
			path = Pods;
			sourceTree = "<group>";
		};
		DC23C9D22442C580000F8F42 /* Work */ = {
			isa = PBXGroup;
			children = (
				DC23C9D82442D217000F8F42 /* WorkViewController.swift */,
				DC90951C2444B0790054CE48 /* WorkSB.storyboard */,
			);
			path = Work;
			sourceTree = "<group>";
		};
		DC23C9D32442C589000F8F42 /* Allies */ = {
			isa = PBXGroup;
			children = (
				DC23C9DA2442D222000F8F42 /* AlliesViewController.swift */,
				DC9095242444BB4E0054CE48 /* AlliesSB.storyboard */,
			);
			path = Allies;
			sourceTree = "<group>";
		};
		DC23C9D42442C58E000F8F42 /* Services */ = {
			isa = PBXGroup;
			children = (
				DC23C9DE2442D239000F8F42 /* ServicesViewController.swift */,
				DC90951E2444B3070054CE48 /* ServicesSB.storyboard */,
			);
			path = Services;
			sourceTree = "<group>";
		};
		DC23C9D52442C5B5000F8F42 /* Advantages */ = {
			isa = PBXGroup;
			children = (
				DC23C9E22442D24E000F8F42 /* AdvantagesViewController.swift */,
				DC9095202444BABC0054CE48 /* AdvantagesSB.storyboard */,
			);
			path = Advantages;
			sourceTree = "<group>";
		};
		DC2442F22442D98800738C9E /* XIB */ = {
			isa = PBXGroup;
			children = (
				DC244320244303AC00738C9E /* Service */,
				DC2443132442F7BA00738C9E /* Appliance */,
				DC2442F82442D9AB00738C9E /* Widget6 */,
				DC2442F72442D9A300738C9E /* Widget5 */,
				DC2442F62442D99D00738C9E /* Widget4 */,
				DC2442F52442D99800738C9E /* Widget3 */,
				DC2442F42442D99200738C9E /* Widget2 */,
				DC2442F32442D98D00738C9E /* Widget1 */,
			);
			path = XIB;
			sourceTree = "<group>";
		};
		DC2442F32442D98D00738C9E /* Widget1 */ = {
			isa = PBXGroup;
			children = (
				DC2442F92442D9BB00738C9E /* Widget1.xib */,
				DC2442FD2442D9D900738C9E /* Widget1.swift */,
			);
			path = Widget1;
			sourceTree = "<group>";
		};
		DC2442F42442D99200738C9E /* Widget2 */ = {
			isa = PBXGroup;
			children = (
				DC2442FF2442D9E100738C9E /* Widget2.xib */,
				DC2443012442D9EB00738C9E /* Widget2.swift */,
			);
			path = Widget2;
			sourceTree = "<group>";
		};
		DC2442F52442D99800738C9E /* Widget3 */ = {
			isa = PBXGroup;
			children = (
				DC2443032442D9F300738C9E /* Widget3.xib */,
				DC2443052442D9FD00738C9E /* Widget3.swift */,
			);
			path = Widget3;
			sourceTree = "<group>";
		};
		DC2442F62442D99D00738C9E /* Widget4 */ = {
			isa = PBXGroup;
			children = (
				DC2443072442DA0500738C9E /* Widget4.xib */,
				DC2443092442DA1300738C9E /* Widget4.swift */,
			);
			path = Widget4;
			sourceTree = "<group>";
		};
		DC2442F72442D9A300738C9E /* Widget5 */ = {
			isa = PBXGroup;
			children = (
				DC24430B2442DA1F00738C9E /* Widget5.xib */,
				DC24430D2442DA2900738C9E /* Widget5.swift */,
			);
			path = Widget5;
			sourceTree = "<group>";
		};
		DC2442F82442D9AB00738C9E /* Widget6 */ = {
			isa = PBXGroup;
			children = (
				DC24430F2442DA3400738C9E /* Widget6.xib */,
				DC2443112442DA4200738C9E /* Widget6.swift */,
			);
			path = Widget6;
			sourceTree = "<group>";
		};
		DC2443132442F7BA00738C9E /* Appliance */ = {
			isa = PBXGroup;
			children = (
				DC2443142442F7CD00738C9E /* Appliance.xib */,
				DC2443162442F7F600738C9E /* Appliance.swift */,
			);
			path = Appliance;
			sourceTree = "<group>";
		};
		DC2443182442F8FB00738C9E /* Appliances */ = {
			isa = PBXGroup;
			children = (
				DC2443192442F91B00738C9E /* AppliancesViewController.swift */,
			);
			path = Appliances;
			sourceTree = "<group>";
		};
		DC24431B2442FBB700738C9E /* JobDetails */ = {
			isa = PBXGroup;
			children = (
				DC24431C2442FBD300738C9E /* JobDetailsViewController.swift */,
				DC24431E2442FF9D00738C9E /* JobDetailTableViewCell.swift */,
			);
			path = JobDetails;
			sourceTree = "<group>";
		};
		DC244320244303AC00738C9E /* Service */ = {
			isa = PBXGroup;
			children = (
				DC244321244303F200738C9E /* Service.xib */,
				DC2443232443040300738C9E /* Service.swift */,
			);
			path = Service;
			sourceTree = "<group>";
		};
		DC2443252443CF1800738C9E /* Tweaks */ = {
			isa = PBXGroup;
			children = (
				DC2443262443CF3300738C9E /* GradientView.swift */,
			);
			path = Tweaks;
			sourceTree = "<group>";
		};
		DC2443282443D2CD00738C9E /* Service Details */ = {
			isa = PBXGroup;
			children = (
				DC2443292443D2E700738C9E /* ServiceDetailViewController.swift */,
			);
			path = "Service Details";
			sourceTree = "<group>";
		};
		DC9095262444BD610054CE48 /* Modals */ = {
			isa = PBXGroup;
			children = (
				DCD9C9C8244793B30008BE8F /* Request Service */,
				DCD9C9BF2446D69D0008BE8F /* Bussiness Allie */,
				DCD9C9B3244574520008BE8F /* Subscription */,
				DCD9C9AB244556300008BE8F /* QR */,
				DC9095272444BD700054CE48 /* ModalsSB.storyboard */,
				DC2443182442F8FB00738C9E /* Appliances */,
			);
			path = Modals;
			sourceTree = "<group>";
		};
		DCAB992724378F6B00346785 = {
			isa = PBXGroup;
			children = (
				DCAB997324379D5A00346785 /* AWSSNS.framework */,
				DCAB997124379D4100346785 /* AWSCore.framework */,
				DCAB996F24379D3800346785 /* AWSCognito.framework */,
				DCAB993224378F6B00346785 /* AmazonSNS-test */,
				DCAB994924378F6E00346785 /* AmazonSNS-testTests */,
				DCAB995424378F6E00346785 /* AmazonSNS-testUITests */,
				DCAB993124378F6B00346785 /* Products */,
				7513077F14084EE06C3F471D /* Pods */,
				2B29AA5C275F3D211C03231F /* Frameworks */,
			);
			sourceTree = "<group>";
		};
		DCAB993124378F6B00346785 /* Products */ = {
			isa = PBXGroup;
			children = (
				DCAB993024378F6B00346785 /* MxM.app */,
				DCAB994624378F6E00346785 /* AmazonSNS-testTests.xctest */,
				DCAB995124378F6E00346785 /* AmazonSNS-testUITests.xctest */,
			);
			name = Products;
			sourceTree = "<group>";
		};
		DCAB993224378F6B00346785 /* AmazonSNS-test */ = {
			isa = PBXGroup;
			children = (
				DCD9C9B62446A14A0008BE8F /* UIModel */,
				DC2443252443CF1800738C9E /* Tweaks */,
				DC2442F22442D98800738C9E /* XIB */,
				DCDF9F88243ECD700028EB7F /* UILayer */,
				DCFFA3EB243B802F0087FC08 /* AmazonSNS-test.entitlements */,
				DCAB993324378F6B00346785 /* AppDelegate.swift */,
				DCAB993524378F6B00346785 /* SceneDelegate.swift */,
				DCAB993C24378F6E00346785 /* Assets.xcassets */,
				DCAB993E24378F6E00346785 /* LaunchScreen.storyboard */,
				DCAB994124378F6E00346785 /* Info.plist */,
				DCAB997C24379DF700346785 /* AmazonSNS-test-Bridging-Header.h */,
				DCD9C9BE2446C2A60008BE8F /* Localizable.strings */,
			);
			path = "AmazonSNS-test";
			sourceTree = "<group>";
		};
		DCAB994924378F6E00346785 /* AmazonSNS-testTests */ = {
			isa = PBXGroup;
			children = (
				DCAB994A24378F6E00346785 /* AmazonSNS_testTests.swift */,
				DCAB994C24378F6E00346785 /* Info.plist */,
			);
			path = "AmazonSNS-testTests";
			sourceTree = "<group>";
		};
		DCAB995424378F6E00346785 /* AmazonSNS-testUITests */ = {
			isa = PBXGroup;
			children = (
				DCAB995524378F6E00346785 /* AmazonSNS_testUITests.swift */,
				DCAB995724378F6E00346785 /* Info.plist */,
			);
			path = "AmazonSNS-testUITests";
			sourceTree = "<group>";
		};
		DCD9C9AB244556300008BE8F /* QR */ = {
			isa = PBXGroup;
			children = (
				DCD9C9AC244556470008BE8F /* QRViewController.swift */,
			);
			path = QR;
			sourceTree = "<group>";
		};
		DCD9C9AE2445720C0008BE8F /* Scanner */ = {
			isa = PBXGroup;
			children = (
				DCD9C9AF2445721F0008BE8F /* ScannerViewController.swift */,
				DCD9C9B1244572340008BE8F /* ScannerSB.storyboard */,
			);
			path = Scanner;
			sourceTree = "<group>";
		};
		DCD9C9B3244574520008BE8F /* Subscription */ = {
			isa = PBXGroup;
			children = (
				DCD9C9B4244574630008BE8F /* SubscriptionViewController.swift */,
			);
			path = Subscription;
			sourceTree = "<group>";
		};
		DCD9C9B62446A14A0008BE8F /* UIModel */ = {
			isa = PBXGroup;
			children = (
				DCD9C9C224477C580008BE8F /* Contractors */,
				DCD9C9B72446A1520008BE8F /* ARN */,
			);
			path = UIModel;
			sourceTree = "<group>";
		};
		DCD9C9B72446A1520008BE8F /* ARN */ = {
			isa = PBXGroup;
			children = (
				DCD9C9B82446A1650008BE8F /* serverSNSInfo.swift */,
			);
			path = ARN;
			sourceTree = "<group>";
		};
		DCD9C9BF2446D69D0008BE8F /* Bussiness Allie */ = {
			isa = PBXGroup;
			children = (
				DCD9C9C02446D6BA0008BE8F /* AlliesBussinessViewController.swift */,
			);
			path = "Bussiness Allie";
			sourceTree = "<group>";
		};
		DCD9C9C224477C580008BE8F /* Contractors */ = {
			isa = PBXGroup;
			children = (
				DCD9C9C324477C680008BE8F /* Contractors.swift */,
			);
			path = Contractors;
			sourceTree = "<group>";
		};
		DCD9C9C8244793B30008BE8F /* Request Service */ = {
			isa = PBXGroup;
			children = (
				DCD9C9C9244793D20008BE8F /* RequestServiceViewController.swift */,
			);
			path = "Request Service";
			sourceTree = "<group>";
		};
		DCDF9F88243ECD700028EB7F /* UILayer */ = {
			isa = PBXGroup;
			children = (
				DCD9C9AE2445720C0008BE8F /* Scanner */,
				DC9095262444BD610054CE48 /* Modals */,
				DC2443282443D2CD00738C9E /* Service Details */,
				DC24431B2442FBB700738C9E /* JobDetails */,
				DC23C9D52442C5B5000F8F42 /* Advantages */,
				DC23C9D42442C58E000F8F42 /* Services */,
				DC23C9D32442C589000F8F42 /* Allies */,
				DC23C9D22442C580000F8F42 /* Work */,
				DCDF9F8A243ECD9D0028EB7F /* Home */,
				DCDF9F89243ECD810028EB7F /* Login */,
			);
			path = UILayer;
			sourceTree = "<group>";
		};
		DCDF9F89243ECD810028EB7F /* Login */ = {
			isa = PBXGroup;
			children = (
				DCAB993724378F6B00346785 /* LoginViewController.swift */,
				DCAB993924378F6B00346785 /* Main.storyboard */,
			);
			path = Login;
			sourceTree = "<group>";
		};
		DCDF9F8A243ECD9D0028EB7F /* Home */ = {
			isa = PBXGroup;
			children = (
				DCDF9F8B243ED9F40028EB7F /* Home.storyboard */,
				DCDF9F8D243EDA130028EB7F /* HomeViewController.swift */,
			);
			path = Home;
			sourceTree = "<group>";
		};
/* End PBXGroup section */

/* Begin PBXNativeTarget section */
		DCAB992F24378F6B00346785 /* AmazonSNS-test */ = {
			isa = PBXNativeTarget;
			buildConfigurationList = DCAB995A24378F6E00346785 /* Build configuration list for PBXNativeTarget "AmazonSNS-test" */;
			buildPhases = (
				5600A56021F558B58176B31E /* [CP] Check Pods Manifest.lock */,
				DCAB992C24378F6B00346785 /* Sources */,
				DCAB992D24378F6B00346785 /* Frameworks */,
				DCAB992E24378F6B00346785 /* Resources */,
				DCAB997724379D8000346785 /* Embed Frameworks */,
			);
			buildRules = (
			);
			dependencies = (
			);
			name = "AmazonSNS-test";
			productName = "AmazonSNS-test";
			productReference = DCAB993024378F6B00346785 /* MxM.app */;
			productType = "com.apple.product-type.application";
		};
		DCAB994524378F6E00346785 /* AmazonSNS-testTests */ = {
			isa = PBXNativeTarget;
			buildConfigurationList = DCAB995D24378F6E00346785 /* Build configuration list for PBXNativeTarget "AmazonSNS-testTests" */;
			buildPhases = (
				335D36A4D971B326E3A147E2 /* [CP] Check Pods Manifest.lock */,
				DCAB994224378F6E00346785 /* Sources */,
				DCAB994324378F6E00346785 /* Frameworks */,
				DCAB994424378F6E00346785 /* Resources */,
				45DFBD7C50199FE5AC2CFAFF /* [CP] Embed Pods Frameworks */,
			);
			buildRules = (
			);
			dependencies = (
				DCAB994824378F6E00346785 /* PBXTargetDependency */,
			);
			name = "AmazonSNS-testTests";
			productName = "AmazonSNS-testTests";
			productReference = DCAB994624378F6E00346785 /* AmazonSNS-testTests.xctest */;
			productType = "com.apple.product-type.bundle.unit-test";
		};
		DCAB995024378F6E00346785 /* AmazonSNS-testUITests */ = {
			isa = PBXNativeTarget;
			buildConfigurationList = DCAB996024378F6E00346785 /* Build configuration list for PBXNativeTarget "AmazonSNS-testUITests" */;
			buildPhases = (
				E20F5A87D3B38CAF0C0CDDC4 /* [CP] Check Pods Manifest.lock */,
				DCAB994D24378F6E00346785 /* Sources */,
				DCAB994E24378F6E00346785 /* Frameworks */,
				DCAB994F24378F6E00346785 /* Resources */,
			);
			buildRules = (
			);
			dependencies = (
				DCAB995324378F6E00346785 /* PBXTargetDependency */,
			);
			name = "AmazonSNS-testUITests";
			productName = "AmazonSNS-testUITests";
			productReference = DCAB995124378F6E00346785 /* AmazonSNS-testUITests.xctest */;
			productType = "com.apple.product-type.bundle.ui-testing";
		};
/* End PBXNativeTarget section */

/* Begin PBXProject section */
		DCAB992824378F6B00346785 /* Project object */ = {
			isa = PBXProject;
			attributes = {
				LastSwiftUpdateCheck = 1140;
				LastUpgradeCheck = 1140;
				ORGANIZATIONNAME = "Diego Graciano";
				TargetAttributes = {
					DCAB992F24378F6B00346785 = {
						CreatedOnToolsVersion = 11.4;
					};
					DCAB994524378F6E00346785 = {
						CreatedOnToolsVersion = 11.4;
						TestTargetID = DCAB992F24378F6B00346785;
					};
					DCAB995024378F6E00346785 = {
						CreatedOnToolsVersion = 11.4;
						TestTargetID = DCAB992F24378F6B00346785;
					};
				};
			};
			buildConfigurationList = DCAB992B24378F6B00346785 /* Build configuration list for PBXProject "AmazonSNS-test" */;
			compatibilityVersion = "Xcode 9.3";
			developmentRegion = en;
			hasScannedForEncodings = 0;
			knownRegions = (
				en,
				Base,
			);
			mainGroup = DCAB992724378F6B00346785;
			productRefGroup = DCAB993124378F6B00346785 /* Products */;
			projectDirPath = "";
			projectRoot = "";
			targets = (
				DCAB992F24378F6B00346785 /* AmazonSNS-test */,
				DCAB994524378F6E00346785 /* AmazonSNS-testTests */,
				DCAB995024378F6E00346785 /* AmazonSNS-testUITests */,
			);
		};
/* End PBXProject section */

/* Begin PBXResourcesBuildPhase section */
		DCAB992E24378F6B00346785 /* Resources */ = {
			isa = PBXResourcesBuildPhase;
			buildActionMask = 2147483647;
			files = (
				DCAB994024378F6E00346785 /* LaunchScreen.storyboard in Resources */,
				DC244322244303F200738C9E /* Service.xib in Resources */,
				DC9095212444BABC0054CE48 /* AdvantagesSB.storyboard in Resources */,
				DCAB993D24378F6E00346785 /* Assets.xcassets in Resources */,
				DC2443002442D9E100738C9E /* Widget2.xib in Resources */,
				DC90951D2444B0790054CE48 /* WorkSB.storyboard in Resources */,
				DCD9C9B2244572340008BE8F /* ScannerSB.storyboard in Resources */,
				DC9095282444BD700054CE48 /* ModalsSB.storyboard in Resources */,
				DC2443042442D9F300738C9E /* Widget3.xib in Resources */,
				DC2443102442DA3400738C9E /* Widget6.xib in Resources */,
				DC2443082442DA0500738C9E /* Widget4.xib in Resources */,
				DC9095252444BB4E0054CE48 /* AlliesSB.storyboard in Resources */,
				DCAB993B24378F6B00346785 /* Main.storyboard in Resources */,
				DC90951F2444B3070054CE48 /* ServicesSB.storyboard in Resources */,
				DCDF9F8C243ED9F40028EB7F /* Home.storyboard in Resources */,
				DC2443152442F7CD00738C9E /* Appliance.xib in Resources */,
				DCD9C9BC2446C2A60008BE8F /* Localizable.strings in Resources */,
				DC2442FA2442D9BB00738C9E /* Widget1.xib in Resources */,
				DC24430C2442DA1F00738C9E /* Widget5.xib in Resources */,
			);
			runOnlyForDeploymentPostprocessing = 0;
		};
		DCAB994424378F6E00346785 /* Resources */ = {
			isa = PBXResourcesBuildPhase;
			buildActionMask = 2147483647;
			files = (
			);
			runOnlyForDeploymentPostprocessing = 0;
		};
		DCAB994F24378F6E00346785 /* Resources */ = {
			isa = PBXResourcesBuildPhase;
			buildActionMask = 2147483647;
			files = (
			);
			runOnlyForDeploymentPostprocessing = 0;
		};
/* End PBXResourcesBuildPhase section */

/* Begin PBXShellScriptBuildPhase section */
		335D36A4D971B326E3A147E2 /* [CP] Check Pods Manifest.lock */ = {
			isa = PBXShellScriptBuildPhase;
			buildActionMask = 2147483647;
			files = (
			);
			inputFileListPaths = (
			);
			inputPaths = (
				"${PODS_PODFILE_DIR_PATH}/Podfile.lock",
				"${PODS_ROOT}/Manifest.lock",
			);
			name = "[CP] Check Pods Manifest.lock";
			outputFileListPaths = (
			);
			outputPaths = (
				"$(DERIVED_FILE_DIR)/Pods-AmazonSNS-testTests-checkManifestLockResult.txt",
			);
			runOnlyForDeploymentPostprocessing = 0;
			shellPath = /bin/sh;
			shellScript = "diff \"${PODS_PODFILE_DIR_PATH}/Podfile.lock\" \"${PODS_ROOT}/Manifest.lock\" > /dev/null\nif [ $? != 0 ] ; then\n    # print error to STDERR\n    echo \"error: The sandbox is not in sync with the Podfile.lock. Run 'pod install' or update your CocoaPods installation.\" >&2\n    exit 1\nfi\n# This output is used by Xcode 'outputs' to avoid re-running this script phase.\necho \"SUCCESS\" > \"${SCRIPT_OUTPUT_FILE_0}\"\n";
			showEnvVarsInLog = 0;
		};
		45DFBD7C50199FE5AC2CFAFF /* [CP] Embed Pods Frameworks */ = {
			isa = PBXShellScriptBuildPhase;
			buildActionMask = 2147483647;
			files = (
			);
			inputFileListPaths = (
				"${PODS_ROOT}/Target Support Files/Pods-AmazonSNS-testTests/Pods-AmazonSNS-testTests-frameworks-${CONFIGURATION}-input-files.xcfilelist",
			);
			name = "[CP] Embed Pods Frameworks";
			outputFileListPaths = (
				"${PODS_ROOT}/Target Support Files/Pods-AmazonSNS-testTests/Pods-AmazonSNS-testTests-frameworks-${CONFIGURATION}-output-files.xcfilelist",
			);
			runOnlyForDeploymentPostprocessing = 0;
			shellPath = /bin/sh;
			shellScript = "\"${PODS_ROOT}/Target Support Files/Pods-AmazonSNS-testTests/Pods-AmazonSNS-testTests-frameworks.sh\"\n";
			showEnvVarsInLog = 0;
		};
		5600A56021F558B58176B31E /* [CP] Check Pods Manifest.lock */ = {
			isa = PBXShellScriptBuildPhase;
			buildActionMask = 2147483647;
			files = (
			);
			inputFileListPaths = (
			);
			inputPaths = (
				"${PODS_PODFILE_DIR_PATH}/Podfile.lock",
				"${PODS_ROOT}/Manifest.lock",
			);
			name = "[CP] Check Pods Manifest.lock";
			outputFileListPaths = (
			);
			outputPaths = (
				"$(DERIVED_FILE_DIR)/Pods-AmazonSNS-test-checkManifestLockResult.txt",
			);
			runOnlyForDeploymentPostprocessing = 0;
			shellPath = /bin/sh;
			shellScript = "diff \"${PODS_PODFILE_DIR_PATH}/Podfile.lock\" \"${PODS_ROOT}/Manifest.lock\" > /dev/null\nif [ $? != 0 ] ; then\n    # print error to STDERR\n    echo \"error: The sandbox is not in sync with the Podfile.lock. Run 'pod install' or update your CocoaPods installation.\" >&2\n    exit 1\nfi\n# This output is used by Xcode 'outputs' to avoid re-running this script phase.\necho \"SUCCESS\" > \"${SCRIPT_OUTPUT_FILE_0}\"\n";
			showEnvVarsInLog = 0;
		};
		E20F5A87D3B38CAF0C0CDDC4 /* [CP] Check Pods Manifest.lock */ = {
			isa = PBXShellScriptBuildPhase;
			buildActionMask = 2147483647;
			files = (
			);
			inputFileListPaths = (
			);
			inputPaths = (
				"${PODS_PODFILE_DIR_PATH}/Podfile.lock",
				"${PODS_ROOT}/Manifest.lock",
			);
			name = "[CP] Check Pods Manifest.lock";
			outputFileListPaths = (
			);
			outputPaths = (
				"$(DERIVED_FILE_DIR)/Pods-AmazonSNS-test-AmazonSNS-testUITests-checkManifestLockResult.txt",
			);
			runOnlyForDeploymentPostprocessing = 0;
			shellPath = /bin/sh;
			shellScript = "diff \"${PODS_PODFILE_DIR_PATH}/Podfile.lock\" \"${PODS_ROOT}/Manifest.lock\" > /dev/null\nif [ $? != 0 ] ; then\n    # print error to STDERR\n    echo \"error: The sandbox is not in sync with the Podfile.lock. Run 'pod install' or update your CocoaPods installation.\" >&2\n    exit 1\nfi\n# This output is used by Xcode 'outputs' to avoid re-running this script phase.\necho \"SUCCESS\" > \"${SCRIPT_OUTPUT_FILE_0}\"\n";
			showEnvVarsInLog = 0;
		};
/* End PBXShellScriptBuildPhase section */

/* Begin PBXSourcesBuildPhase section */
		DCAB992C24378F6B00346785 /* Sources */ = {
			isa = PBXSourcesBuildPhase;
			buildActionMask = 2147483647;
			files = (
				DC24431D2442FBD300738C9E /* JobDetailsViewController.swift in Sources */,
				DC23C9D92442D217000F8F42 /* WorkViewController.swift in Sources */,
				DCD9C9CA244793D20008BE8F /* RequestServiceViewController.swift in Sources */,
				DC2443272443CF3300738C9E /* GradientView.swift in Sources */,
				DC23C9DF2442D239000F8F42 /* ServicesViewController.swift in Sources */,
				DCAB993824378F6B00346785 /* LoginViewController.swift in Sources */,
				DCD9C9AD244556470008BE8F /* QRViewController.swift in Sources */,
				DCD9C9C424477C680008BE8F /* Contractors.swift in Sources */,
				DCD9C9C12446D6BA0008BE8F /* AlliesBussinessViewController.swift in Sources */,
				DCD9C9B5244574630008BE8F /* SubscriptionViewController.swift in Sources */,
				DC2443062442D9FD00738C9E /* Widget3.swift in Sources */,
				DC24430A2442DA1300738C9E /* Widget4.swift in Sources */,
				DC24431F2442FF9D00738C9E /* JobDetailTableViewCell.swift in Sources */,
				DC2443172442F7F600738C9E /* Appliance.swift in Sources */,
				DCAB993424378F6B00346785 /* AppDelegate.swift in Sources */,
				DCD9C9B92446A1650008BE8F /* serverSNSInfo.swift in Sources */,
				DC2443122442DA4200738C9E /* Widget6.swift in Sources */,
				DC2443242443040300738C9E /* Service.swift in Sources */,
				DC24431A2442F91B00738C9E /* AppliancesViewController.swift in Sources */,
				DC24430E2442DA2900738C9E /* Widget5.swift in Sources */,
				DC2442FE2442D9D900738C9E /* Widget1.swift in Sources */,
				DCD9C9B02445721F0008BE8F /* ScannerViewController.swift in Sources */,
				DCAB993624378F6B00346785 /* SceneDelegate.swift in Sources */,
				DC23C9DB2442D222000F8F42 /* AlliesViewController.swift in Sources */,
				DC23C9E32442D24E000F8F42 /* AdvantagesViewController.swift in Sources */,
				DC2443022442D9EB00738C9E /* Widget2.swift in Sources */,
				DCDF9F8E243EDA130028EB7F /* HomeViewController.swift in Sources */,
				DC24432A2443D2E700738C9E /* ServiceDetailViewController.swift in Sources */,
			);
			runOnlyForDeploymentPostprocessing = 0;
		};
		DCAB994224378F6E00346785 /* Sources */ = {
			isa = PBXSourcesBuildPhase;
			buildActionMask = 2147483647;
			files = (
				DCAB994B24378F6E00346785 /* AmazonSNS_testTests.swift in Sources */,
			);
			runOnlyForDeploymentPostprocessing = 0;
		};
		DCAB994D24378F6E00346785 /* Sources */ = {
			isa = PBXSourcesBuildPhase;
			buildActionMask = 2147483647;
			files = (
				DCAB995624378F6E00346785 /* AmazonSNS_testUITests.swift in Sources */,
			);
			runOnlyForDeploymentPostprocessing = 0;
		};
/* End PBXSourcesBuildPhase section */

/* Begin PBXTargetDependency section */
		DCAB994824378F6E00346785 /* PBXTargetDependency */ = {
			isa = PBXTargetDependency;
			target = DCAB992F24378F6B00346785 /* AmazonSNS-test */;
			targetProxy = DCAB994724378F6E00346785 /* PBXContainerItemProxy */;
		};
		DCAB995324378F6E00346785 /* PBXTargetDependency */ = {
			isa = PBXTargetDependency;
			target = DCAB992F24378F6B00346785 /* AmazonSNS-test */;
			targetProxy = DCAB995224378F6E00346785 /* PBXContainerItemProxy */;
		};
/* End PBXTargetDependency section */

/* Begin PBXVariantGroup section */
		DCAB993924378F6B00346785 /* Main.storyboard */ = {
			isa = PBXVariantGroup;
			children = (
				DCAB993A24378F6B00346785 /* Base */,
			);
			name = Main.storyboard;
			sourceTree = "<group>";
		};
		DCAB993E24378F6E00346785 /* LaunchScreen.storyboard */ = {
			isa = PBXVariantGroup;
			children = (
				DCAB993F24378F6E00346785 /* Base */,
			);
			name = LaunchScreen.storyboard;
			sourceTree = "<group>";
		};
		DCD9C9BE2446C2A60008BE8F /* Localizable.strings */ = {
			isa = PBXVariantGroup;
			children = (
				DCD9C9BD2446C2A60008BE8F /* en */,
			);
			name = Localizable.strings;
			sourceTree = "<group>";
		};
/* End PBXVariantGroup section */

/* Begin XCBuildConfiguration section */
		DCAB995824378F6E00346785 /* Debug */ = {
			isa = XCBuildConfiguration;
			buildSettings = {
				ALWAYS_SEARCH_USER_PATHS = NO;
				CLANG_ANALYZER_NONNULL = YES;
				CLANG_ANALYZER_NUMBER_OBJECT_CONVERSION = YES_AGGRESSIVE;
				CLANG_CXX_LANGUAGE_STANDARD = "gnu++14";
				CLANG_CXX_LIBRARY = "libc++";
				CLANG_ENABLE_MODULES = YES;
				CLANG_ENABLE_OBJC_ARC = YES;
				CLANG_ENABLE_OBJC_WEAK = YES;
				CLANG_WARN_BLOCK_CAPTURE_AUTORELEASING = YES;
				CLANG_WARN_BOOL_CONVERSION = YES;
				CLANG_WARN_COMMA = YES;
				CLANG_WARN_CONSTANT_CONVERSION = YES;
				CLANG_WARN_DEPRECATED_OBJC_IMPLEMENTATIONS = YES;
				CLANG_WARN_DIRECT_OBJC_ISA_USAGE = YES_ERROR;
				CLANG_WARN_DOCUMENTATION_COMMENTS = YES;
				CLANG_WARN_EMPTY_BODY = YES;
				CLANG_WARN_ENUM_CONVERSION = YES;
				CLANG_WARN_INFINITE_RECURSION = YES;
				CLANG_WARN_INT_CONVERSION = YES;
				CLANG_WARN_NON_LITERAL_NULL_CONVERSION = YES;
				CLANG_WARN_OBJC_IMPLICIT_RETAIN_SELF = YES;
				CLANG_WARN_OBJC_LITERAL_CONVERSION = YES;
				CLANG_WARN_OBJC_ROOT_CLASS = YES_ERROR;
				CLANG_WARN_RANGE_LOOP_ANALYSIS = YES;
				CLANG_WARN_STRICT_PROTOTYPES = YES;
				CLANG_WARN_SUSPICIOUS_MOVE = YES;
				CLANG_WARN_UNGUARDED_AVAILABILITY = YES_AGGRESSIVE;
				CLANG_WARN_UNREACHABLE_CODE = YES;
				CLANG_WARN__DUPLICATE_METHOD_MATCH = YES;
				COPY_PHASE_STRIP = NO;
				DEBUG_INFORMATION_FORMAT = dwarf;
				ENABLE_STRICT_OBJC_MSGSEND = YES;
				ENABLE_TESTABILITY = YES;
				GCC_C_LANGUAGE_STANDARD = gnu11;
				GCC_DYNAMIC_NO_PIC = NO;
				GCC_NO_COMMON_BLOCKS = YES;
				GCC_OPTIMIZATION_LEVEL = 0;
				GCC_PREPROCESSOR_DEFINITIONS = (
					"DEBUG=1",
					"$(inherited)",
				);
				GCC_WARN_64_TO_32_BIT_CONVERSION = YES;
				GCC_WARN_ABOUT_RETURN_TYPE = YES_ERROR;
				GCC_WARN_UNDECLARED_SELECTOR = YES;
				GCC_WARN_UNINITIALIZED_AUTOS = YES_AGGRESSIVE;
				GCC_WARN_UNUSED_FUNCTION = YES;
				GCC_WARN_UNUSED_VARIABLE = YES;
				IPHONEOS_DEPLOYMENT_TARGET = 13.4;
				MTL_ENABLE_DEBUG_INFO = INCLUDE_SOURCE;
				MTL_FAST_MATH = YES;
				ONLY_ACTIVE_ARCH = YES;
				SDKROOT = iphoneos;
				SWIFT_ACTIVE_COMPILATION_CONDITIONS = DEBUG;
				SWIFT_OPTIMIZATION_LEVEL = "-Onone";
			};
			name = Debug;
		};
		DCAB995924378F6E00346785 /* Release */ = {
			isa = XCBuildConfiguration;
			buildSettings = {
				ALWAYS_SEARCH_USER_PATHS = NO;
				CLANG_ANALYZER_NONNULL = YES;
				CLANG_ANALYZER_NUMBER_OBJECT_CONVERSION = YES_AGGRESSIVE;
				CLANG_CXX_LANGUAGE_STANDARD = "gnu++14";
				CLANG_CXX_LIBRARY = "libc++";
				CLANG_ENABLE_MODULES = YES;
				CLANG_ENABLE_OBJC_ARC = YES;
				CLANG_ENABLE_OBJC_WEAK = YES;
				CLANG_WARN_BLOCK_CAPTURE_AUTORELEASING = YES;
				CLANG_WARN_BOOL_CONVERSION = YES;
				CLANG_WARN_COMMA = YES;
				CLANG_WARN_CONSTANT_CONVERSION = YES;
				CLANG_WARN_DEPRECATED_OBJC_IMPLEMENTATIONS = YES;
				CLANG_WARN_DIRECT_OBJC_ISA_USAGE = YES_ERROR;
				CLANG_WARN_DOCUMENTATION_COMMENTS = YES;
				CLANG_WARN_EMPTY_BODY = YES;
				CLANG_WARN_ENUM_CONVERSION = YES;
				CLANG_WARN_INFINITE_RECURSION = YES;
				CLANG_WARN_INT_CONVERSION = YES;
				CLANG_WARN_NON_LITERAL_NULL_CONVERSION = YES;
				CLANG_WARN_OBJC_IMPLICIT_RETAIN_SELF = YES;
				CLANG_WARN_OBJC_LITERAL_CONVERSION = YES;
				CLANG_WARN_OBJC_ROOT_CLASS = YES_ERROR;
				CLANG_WARN_RANGE_LOOP_ANALYSIS = YES;
				CLANG_WARN_STRICT_PROTOTYPES = YES;
				CLANG_WARN_SUSPICIOUS_MOVE = YES;
				CLANG_WARN_UNGUARDED_AVAILABILITY = YES_AGGRESSIVE;
				CLANG_WARN_UNREACHABLE_CODE = YES;
				CLANG_WARN__DUPLICATE_METHOD_MATCH = YES;
				COPY_PHASE_STRIP = NO;
				DEBUG_INFORMATION_FORMAT = "dwarf-with-dsym";
				ENABLE_NS_ASSERTIONS = NO;
				ENABLE_STRICT_OBJC_MSGSEND = YES;
				GCC_C_LANGUAGE_STANDARD = gnu11;
				GCC_NO_COMMON_BLOCKS = YES;
				GCC_WARN_64_TO_32_BIT_CONVERSION = YES;
				GCC_WARN_ABOUT_RETURN_TYPE = YES_ERROR;
				GCC_WARN_UNDECLARED_SELECTOR = YES;
				GCC_WARN_UNINITIALIZED_AUTOS = YES_AGGRESSIVE;
				GCC_WARN_UNUSED_FUNCTION = YES;
				GCC_WARN_UNUSED_VARIABLE = YES;
				IPHONEOS_DEPLOYMENT_TARGET = 13.4;
				MTL_ENABLE_DEBUG_INFO = NO;
				MTL_FAST_MATH = YES;
				SDKROOT = iphoneos;
				SWIFT_COMPILATION_MODE = wholemodule;
				SWIFT_OPTIMIZATION_LEVEL = "-O";
				VALIDATE_PRODUCT = YES;
			};
			name = Release;
		};
		DCAB995B24378F6E00346785 /* Debug */ = {
			isa = XCBuildConfiguration;
			baseConfigurationReference = 53181F63F0998E10B272CD5E /* Pods-AmazonSNS-test.debug.xcconfig */;
			buildSettings = {
				ASSETCATALOG_COMPILER_APPICON_NAME = AppIcon;
				CODE_SIGN_ENTITLEMENTS = "AmazonSNS-test/AmazonSNS-test.entitlements";
				CODE_SIGN_STYLE = Automatic;
				DEVELOPMENT_TEAM = 6SRB7V8EQ8;
				FRAMEWORK_SEARCH_PATHS = (
					"$(inherited)",
					"$(PROJECT_DIR)",
				);
				INFOPLIST_FILE = "AmazonSNS-test/Info.plist";
				LD_RUNPATH_SEARCH_PATHS = (
					"$(inherited)",
					"@executable_path/Frameworks",
				);
				PRODUCT_BUNDLE_IDENTIFIER = "com.rbeimx.AmazonSNS-test";
				PRODUCT_NAME = MxM;
				SWIFT_OBJC_BRIDGING_HEADER = "/Users/diegograciano/Documents/AmazonSNS-test/AmazonSNS-test/AmazonSNS-test-Bridging-Header.h";
				SWIFT_VERSION = 5.0;
				TARGETED_DEVICE_FAMILY = "1,2";
			};
			name = Debug;
		};
		DCAB995C24378F6E00346785 /* Release */ = {
			isa = XCBuildConfiguration;
			baseConfigurationReference = 44B2D361B83B92039081B50E /* Pods-AmazonSNS-test.release.xcconfig */;
			buildSettings = {
				ASSETCATALOG_COMPILER_APPICON_NAME = AppIcon;
				CODE_SIGN_ENTITLEMENTS = "AmazonSNS-test/AmazonSNS-test.entitlements";
				CODE_SIGN_STYLE = Automatic;
				DEVELOPMENT_TEAM = 6SRB7V8EQ8;
				FRAMEWORK_SEARCH_PATHS = (
					"$(inherited)",
					"$(PROJECT_DIR)",
				);
				INFOPLIST_FILE = "AmazonSNS-test/Info.plist";
				LD_RUNPATH_SEARCH_PATHS = (
					"$(inherited)",
					"@executable_path/Frameworks",
				);
				PRODUCT_BUNDLE_IDENTIFIER = "com.rbeimx.AmazonSNS-test";
				PRODUCT_NAME = MxM;
				SWIFT_OBJC_BRIDGING_HEADER = "/Users/diegograciano/Documents/AmazonSNS-test/AmazonSNS-test/AmazonSNS-test-Bridging-Header.h";
				SWIFT_VERSION = 5.0;
				TARGETED_DEVICE_FAMILY = "1,2";
			};
			name = Release;
		};
		DCAB995E24378F6E00346785 /* Debug */ = {
			isa = XCBuildConfiguration;
			baseConfigurationReference = 8711A7031EEC1B9317669A04 /* Pods-AmazonSNS-testTests.debug.xcconfig */;
			buildSettings = {
				ALWAYS_EMBED_SWIFT_STANDARD_LIBRARIES = YES;
				BUNDLE_LOADER = "$(TEST_HOST)";
				CODE_SIGN_STYLE = Automatic;
				DEVELOPMENT_TEAM = 6SRB7V8EQ8;
				INFOPLIST_FILE = "AmazonSNS-testTests/Info.plist";
				IPHONEOS_DEPLOYMENT_TARGET = 13.4;
				LD_RUNPATH_SEARCH_PATHS = (
					"$(inherited)",
					"@executable_path/Frameworks",
					"@loader_path/Frameworks",
				);
				PRODUCT_BUNDLE_IDENTIFIER = "com.rbeimx.AmazonSNS-testTests";
				PRODUCT_NAME = "$(TARGET_NAME)";
				SWIFT_VERSION = 5.0;
				TARGETED_DEVICE_FAMILY = "1,2";
				TEST_HOST = "$(BUILT_PRODUCTS_DIR)/AmazonSNS-test.app/AmazonSNS-test";
			};
			name = Debug;
		};
		DCAB995F24378F6E00346785 /* Release */ = {
			isa = XCBuildConfiguration;
			baseConfigurationReference = A03EB5D117A093A1298F5F72 /* Pods-AmazonSNS-testTests.release.xcconfig */;
			buildSettings = {
				ALWAYS_EMBED_SWIFT_STANDARD_LIBRARIES = YES;
				BUNDLE_LOADER = "$(TEST_HOST)";
				CODE_SIGN_STYLE = Automatic;
				DEVELOPMENT_TEAM = 6SRB7V8EQ8;
				INFOPLIST_FILE = "AmazonSNS-testTests/Info.plist";
				IPHONEOS_DEPLOYMENT_TARGET = 13.4;
				LD_RUNPATH_SEARCH_PATHS = (
					"$(inherited)",
					"@executable_path/Frameworks",
					"@loader_path/Frameworks",
				);
				PRODUCT_BUNDLE_IDENTIFIER = "com.rbeimx.AmazonSNS-testTests";
				PRODUCT_NAME = "$(TARGET_NAME)";
				SWIFT_VERSION = 5.0;
				TARGETED_DEVICE_FAMILY = "1,2";
				TEST_HOST = "$(BUILT_PRODUCTS_DIR)/AmazonSNS-test.app/AmazonSNS-test";
			};
			name = Release;
		};
		DCAB996124378F6E00346785 /* Debug */ = {
			isa = XCBuildConfiguration;
			baseConfigurationReference = B9F3ABE51B2993412AA0D5E3 /* Pods-AmazonSNS-test-AmazonSNS-testUITests.debug.xcconfig */;
			buildSettings = {
				ALWAYS_EMBED_SWIFT_STANDARD_LIBRARIES = YES;
				CODE_SIGN_STYLE = Automatic;
				DEVELOPMENT_TEAM = 6SRB7V8EQ8;
				INFOPLIST_FILE = "AmazonSNS-testUITests/Info.plist";
				LD_RUNPATH_SEARCH_PATHS = (
					"$(inherited)",
					"@executable_path/Frameworks",
					"@loader_path/Frameworks",
				);
				PRODUCT_BUNDLE_IDENTIFIER = "com.rbeimx.AmazonSNS-testUITests";
				PRODUCT_NAME = "$(TARGET_NAME)";
				SWIFT_VERSION = 5.0;
				TARGETED_DEVICE_FAMILY = "1,2";
				TEST_TARGET_NAME = "AmazonSNS-test";
			};
			name = Debug;
		};
		DCAB996224378F6E00346785 /* Release */ = {
			isa = XCBuildConfiguration;
			baseConfigurationReference = D2C49EC34238EEC7594B0697 /* Pods-AmazonSNS-test-AmazonSNS-testUITests.release.xcconfig */;
			buildSettings = {
				ALWAYS_EMBED_SWIFT_STANDARD_LIBRARIES = YES;
				CODE_SIGN_STYLE = Automatic;
				DEVELOPMENT_TEAM = 6SRB7V8EQ8;
				INFOPLIST_FILE = "AmazonSNS-testUITests/Info.plist";
				LD_RUNPATH_SEARCH_PATHS = (
					"$(inherited)",
					"@executable_path/Frameworks",
					"@loader_path/Frameworks",
				);
				PRODUCT_BUNDLE_IDENTIFIER = "com.rbeimx.AmazonSNS-testUITests";
				PRODUCT_NAME = "$(TARGET_NAME)";
				SWIFT_VERSION = 5.0;
				TARGETED_DEVICE_FAMILY = "1,2";
				TEST_TARGET_NAME = "AmazonSNS-test";
			};
			name = Release;
		};
/* End XCBuildConfiguration section */

/* Begin XCConfigurationList section */
		DCAB992B24378F6B00346785 /* Build configuration list for PBXProject "AmazonSNS-test" */ = {
			isa = XCConfigurationList;
			buildConfigurations = (
				DCAB995824378F6E00346785 /* Debug */,
				DCAB995924378F6E00346785 /* Release */,
			);
			defaultConfigurationIsVisible = 0;
			defaultConfigurationName = Release;
		};
		DCAB995A24378F6E00346785 /* Build configuration list for PBXNativeTarget "AmazonSNS-test" */ = {
			isa = XCConfigurationList;
			buildConfigurations = (
				DCAB995B24378F6E00346785 /* Debug */,
				DCAB995C24378F6E00346785 /* Release */,
			);
			defaultConfigurationIsVisible = 0;
			defaultConfigurationName = Release;
		};
		DCAB995D24378F6E00346785 /* Build configuration list for PBXNativeTarget "AmazonSNS-testTests" */ = {
			isa = XCConfigurationList;
			buildConfigurations = (
				DCAB995E24378F6E00346785 /* Debug */,
				DCAB995F24378F6E00346785 /* Release */,
			);
			defaultConfigurationIsVisible = 0;
			defaultConfigurationName = Release;
		};
		DCAB996024378F6E00346785 /* Build configuration list for PBXNativeTarget "AmazonSNS-testUITests" */ = {
			isa = XCConfigurationList;
			buildConfigurations = (
				DCAB996124378F6E00346785 /* Debug */,
				DCAB996224378F6E00346785 /* Release */,
			);
			defaultConfigurationIsVisible = 0;
			defaultConfigurationName = Release;
		};
/* End XCConfigurationList section */
	};
	rootObject = DCAB992824378F6B00346785 /* Project object */;
}
